
Microsoft Visual Studio Solution File, Format Version 12.00
# Visual Studio 15
VisualStudioVersion = 15.0.28307.645
MinimumVisualStudioVersion = 10.0.40219.1
Project("{FAE04EC0-301F-11D3-BF4B-00C04F79EFBC}") = "EFCodeFirstDemo", "EFCodeFirstDemo\EFCodeFirstDemo.csproj", "{AF47E015-7E9A-4D80-BBDD-F2405CF6841A}"
EndProject
Global
	GlobalSection(SolutionConfigurationPlatforms) = preSolution
		Debug|Any CPU = Debug|Any CPU
		Release|Any CPU = Release|Any CPU
	EndGlobalSection
	GlobalSection(ProjectConfigurationPlatforms) = postSolution
		{AF47E015-7E9A-4D80-BBDD-F2405CF6841A}.Debug|Any CPU.ActiveCfg = Debug|Any CPU
		{AF47E015-7E9A-4D80-BBDD-F2405CF6841A}.Debug|Any CPU.Build.0 = Debug|Any CPU
		{AF47E015-7E9A-4D80-BBDD-F2405CF6841A}.Release|Any CPU.ActiveCfg = Release|Any CPU
		{AF47E015-7E9A-4D80-BBDD-F2405CF6841A}.Release|Any CPU.Build.0 = Release|Any CPU
	EndGlobalSection
	GlobalSection(SolutionProperties) = preSolution
		HideSolutionNode = FALSE
	EndGlobalSection
	GlobalSection(ExtensibilityGlobals) = postSolution
		SolutionGuid = {7917A43D-EB30-4C7C-9CE8-D919304BB7F0}
	EndGlobalSection
EndGlobal
